
Microsoft Visual Studio Solution File, Format Version 12.00
# Visual Studio Version 16
VisualStudioVersion = 16.0.29215.179
MinimumVisualStudioVersion = 10.0.40219.1
Project("{FAE04EC0-301F-11D3-BF4B-00C04F79EFBC}") = "CSharp2Sql", "CSharp2Sql\CSharp2Sql.csproj", "{D412E892-6C76-40B8-B7E8-229B4142ADC0}"
EndProject
Project("{FAE04EC0-301F-11D3-BF4B-00C04F79EFBC}") = "CSharp2SqlLibrary", "CSharp2SqlLibrary\CSharp2SqlLibrary.csproj", "{DE14708D-5103-44CC-A0D1-7CBDD3BDF03C}"
EndProject
Global
	GlobalSection(SolutionConfigurationPlatforms) = preSolution
		Debug|Any CPU = Debug|Any CPU
		Release|Any CPU = Release|Any CPU
	EndGlobalSection
	GlobalSection(ProjectConfigurationPlatforms) = postSolution
		{D412E892-6C76-40B8-B7E8-229B4142ADC0}.Debug|Any CPU.ActiveCfg = Debug|Any CPU
		{D412E892-6C76-40B8-B7E8-229B4142ADC0}.Debug|Any CPU.Build.0 = Debug|Any CPU
		{D412E892-6C76-40B8-B7E8-229B4142ADC0}.Release|Any CPU.ActiveCfg = Release|Any CPU
		{D412E892-6C76-40B8-B7E8-229B4142ADC0}.Release|Any CPU.Build.0 = Release|Any CPU
		{DE14708D-5103-44CC-A0D1-7CBDD3BDF03C}.Debug|Any CPU.ActiveCfg = Debug|Any CPU
		{DE14708D-5103-44CC-A0D1-7CBDD3BDF03C}.Debug|Any CPU.Build.0 = Debug|Any CPU
		{DE14708D-5103-44CC-A0D1-7CBDD3BDF03C}.Release|Any CPU.ActiveCfg = Release|Any CPU
		{DE14708D-5103-44CC-A0D1-7CBDD3BDF03C}.Release|Any CPU.Build.0 = Release|Any CPU
	EndGlobalSection
	GlobalSection(SolutionProperties) = preSolution
		HideSolutionNode = FALSE
	EndGlobalSection
	GlobalSection(ExtensibilityGlobals) = postSolution
		SolutionGuid = {E3444D43-D66D-4620-88E7-83410228B455}
	EndGlobalSection
EndGlobal
